{
  "originHash" : "965cc0b7813f32e0917cc642446ade72ae76897551839acea7e3621009effd8e",
  "pins" : [
    {
      "identity" : "uikitpro",
      "kind" : "remoteSourceControl",
      "location" : "https://github.com/Wouvero/UIKitPro",
      "state" : {
        "branch" : "main",
        "revision" : "3d30c1f9b9ed8b127ba3c745e10423a36bf8f997"
      }
    }
  ],
  "version" : 3
}
