{
  "originHash" : "b7ed16a879653ab909d8a49a2c4d51be72a69cf47786f127afdc2a1e735939ef",
  "pins" : [
    {
      "identity" : "ios-maps-sdk",
      "kind" : "remoteSourceControl",
      "location" : "https://github.com/googlemaps/ios-maps-sdk",
      "state" : {
        "revision" : "9c540f3b475a800e947a09b8903b212a6634cf30",
        "version" : "10.0.0"
      }
    },
    {
      "identity" : "uikitpro",
      "kind" : "remoteSourceControl",
      "location" : "https://github.com/Wouvero/UIKitPro",
      "state" : {
        "branch" : "main",
        "revision" : "3d30c1f9b9ed8b127ba3c745e10423a36bf8f997"
      }
    }
  ],
  "version" : 3
}
